# THIS IS AN AUTOGENERATED FILE. DO NOT EDIT THIS FILE DIRECTLY.
# yarn lockfile v1


fast-check@*:
  version "1.24.2"
  resolved "https://registry.yarnpkg.com/fast-check/-/fast-check-1.24.2.tgz#1f5e4a3c20530c3a85a861e60f680c32229d4fcb"
  integrity sha512-ZL48cyZZLJnVsUj127Zi1mfFLM98yzw0LlSSH8CMeVmpL5RCfSRcZSZZ0kJWrRK4eOgNFnXXKNDbzuRb3Vsdhg==
  dependencies:
    pure-rand "^2.0.0"
    tslib "^1.10.0"

pure-rand@^2.0.0:
  version "2.0.0"
  resolved "https://registry.yarnpkg.com/pure-rand/-/pure-rand-2.0.0.tgz#3324633545207907fe964c2f0ebf05d8e9a7f129"
  integrity sha512-mk98aayyd00xbfHgE3uEmAUGzz3jCdm8Mkf5DUXUhc7egmOaGG2D7qhVlynGenNe9VaNJZvzO9hkc8myuTkDgw==

tslib@^1.10.0:
  version "1.10.0"
  resolved "https://registry.yarnpkg.com/tslib/-/tslib-1.10.0.tgz#c3c19f95973fb0a62973fb09d90d961ee43e5c8a"
  integrity sha512-qOebF53frne81cf0S9B41ByenJ3/IuH8yJKngAX35CmiZySA0khhkovshKK+jGCaMnVomla7gVlIcc3EvKPbTQ==
