# THIS IS AN AUTOGENERATED FILE. DO NOT EDIT THIS FILE DIRECTLY.
# yarn lockfile v1


fast-check@*:
  version "2.0.0"
  resolved "https://registry.yarnpkg.com/fast-check/-/fast-check-2.0.0.tgz#e460ebb5f615c026467c5a7734b4112c50b9a32f"
  integrity sha512-ef4Au3VLUnqVZVd5vccLd4/cgRsu5lmfj7wpfMdS7OlgS2z3QNd5WmpocHCk/XSQ07Ps8phg0KgLbNzLByp4fw==
  dependencies:
    pure-rand "^3.0.0"

pure-rand@^3.0.0:
  version "3.0.0"
  resolved "https://registry.yarnpkg.com/pure-rand/-/pure-rand-3.0.0.tgz#9dd90685e0c6ff98871f656a5e37fe90d2bfe0e4"
  integrity sha512-7/U3rk8elhZPagxdheW1UHEhRr0IF8wCs3qyYVVswSxLoRrrrCMyaTKtAYIrCfuTeUoX/O3rN1piY/pX8JEcEA==
