# This file is generated by running "yarn install" inside your project.
# Manual changes might be lost - proceed with caution!

__metadata:
  version: 4
  cacheKey: 5

"fast-check@npm:*":
  version: 2.1.0
  resolution: "fast-check@npm:2.1.0"
  dependencies:
    pure-rand: ^3.0.0
  checksum: 1e1968f26cd4409666db94b19662ae55c18f14bd737ff74a10e312ddc730150b601995927a3b89d12d8dc570acf6f1246f569a823e61191a4aa92b18a92c8823
  languageName: node
  linkType: hard

"pure-rand@npm:^3.0.0":
  version: 3.0.0
  resolution: "pure-rand@npm:3.0.0"
  checksum: a501ad795085eb89f9afc5d04d64e1829e8e8080c4739beaf72b3b9d5f378ff3e1ab9ce8095461c51c720bf6f0dfbf2edcb547a2ebf9b4039ff935a60a5d3596
  languageName: node
  linkType: hard

"root-workspace-0b6124@workspace:.":
  version: 0.0.0-use.local
  resolution: "root-workspace-0b6124@workspace:."
  dependencies:
    fast-check: "*"
  languageName: unknown
  linkType: soft
