# THIS IS AN AUTOGENERATED FILE. DO NOT EDIT THIS FILE DIRECTLY.
# yarn lockfile v1


"@rollup/plugin-commonjs@^11.0.1":
  version "11.0.1"
  resolved "https://registry.yarnpkg.com/@rollup/plugin-commonjs/-/plugin-commonjs-11.0.1.tgz#6056a6757286901cc6c1599123e6680a78cad6c2"
  integrity sha512-SaVUoaLDg3KnIXC5IBNIspr1APTYDzk05VaYcI6qz+0XX3ZlSCwAkfAhNSOxfd5GAdcm/63Noi4TowOY9MpcDg==
  dependencies:
    "@rollup/pluginutils" "^3.0.0"
    estree-walker "^0.6.1"
    is-reference "^1.1.2"
    magic-string "^0.25.2"
    resolve "^1.11.0"

"@rollup/plugin-node-resolve@^7.0.0":
  version "7.0.0"
  resolved "https://registry.yarnpkg.com/@rollup/plugin-node-resolve/-/plugin-node-resolve-7.0.0.tgz#cce3826df801538b001972fbf9b6b1c22b69fdf8"
  integrity sha512-+vOx2+WMBMFotYKM3yYeDGZxIvcQ7yO4g+SuKDFsjKaq8Lw3EPgfB6qNlp8Z/3ceDCEhHvC9/b+PgBGwDQGbzQ==
  dependencies:
    "@rollup/pluginutils" "^3.0.0"
    "@types/resolve" "0.0.8"
    builtin-modules "^3.1.0"
    is-module "^1.0.0"
    resolve "^1.11.1"

"@rollup/pluginutils@^3.0.0":
  version "3.0.3"
  resolved "https://registry.yarnpkg.com/@rollup/pluginutils/-/pluginutils-3.0.3.tgz#70666fb7d44e178c25b0d45790191d85889445d2"
  integrity sha512-lxys3KlfYU8LOGu7+UL2upa3kM9q8ISo4EK+vSqqJCLk6N74HsUZbUFiElolh4BUsv0jeMGtYDzpNrtrShE6Gg==
  dependencies:
    estree-walker "^0.6.1"

"@types/estree@*":
  version "0.0.41"
  resolved "https://registry.yarnpkg.com/@types/estree/-/estree-0.0.41.tgz#fd90754150b57432b72bf560530500597ff04421"
  integrity sha512-rIAmXyJlqw4KEBO7+u9gxZZSQHaCNnIzYrnNmYVpgfJhxTqO0brCX0SYpqUTkVI5mwwUwzmtspLBGBKroMeynA==

"@types/estree@0.0.39":
  version "0.0.39"
  resolved "https://registry.yarnpkg.com/@types/estree/-/estree-0.0.39.tgz#e177e699ee1b8c22d23174caaa7422644389509f"
  integrity sha512-EYNwp3bU+98cpU4lAWYYL7Zz+2gryWH1qbdDTidVd6hkiR6weksdbMadyXKXNPEkQFhXM+hVO9ZygomHXp+AIw==

"@types/node@*":
  version "13.1.4"
  resolved "https://registry.yarnpkg.com/@types/node/-/node-13.1.4.tgz#4cfd90175a200ee9b02bd6b1cd19bc349741607e"
  integrity sha512-Lue/mlp2egZJoHXZr4LndxDAd7i/7SQYhV0EjWfb/a4/OZ6tuVwMCVPiwkU5nsEipxEf7hmkSU7Em5VQ8P5NGA==

"@types/resolve@0.0.8":
  version "0.0.8"
  resolved "https://registry.yarnpkg.com/@types/resolve/-/resolve-0.0.8.tgz#f26074d238e02659e323ce1a13d041eee280e194"
  integrity sha512-auApPaJf3NPfe18hSoJkp8EbZzer2ISk7o8mCC3M9he/a04+gbMF97NkpD2S8riMGvm4BMRI59/SZQSaLTKpsQ==
  dependencies:
    "@types/node" "*"

acorn@^7.1.0:
  version "7.1.0"
  resolved "https://registry.yarnpkg.com/acorn/-/acorn-7.1.0.tgz#949d36f2c292535da602283586c2477c57eb2d6c"
  integrity sha512-kL5CuoXA/dgxlBbVrflsflzQ3PAas7RYZB52NOm/6839iVYJgKMJ3cQJD+t2i5+qFa8h3MDpEOJiS64E8JLnSQ==

builtin-modules@^3.1.0:
  version "3.1.0"
  resolved "https://registry.yarnpkg.com/builtin-modules/-/builtin-modules-3.1.0.tgz#aad97c15131eb76b65b50ef208e7584cd76a7484"
  integrity sha512-k0KL0aWZuBt2lrxrcASWDfwOLMnodeQjodT/1SxEQAXsHANgo6ZC/VEaSEHCXt7aSTZ4/4H5LKa+tBXmW7Vtvw==

estree-walker@^0.6.1:
  version "0.6.1"
  resolved "https://registry.yarnpkg.com/estree-walker/-/estree-walker-0.6.1.tgz#53049143f40c6eb918b23671d1fe3219f3a1b362"
  integrity sha512-SqmZANLWS0mnatqbSfRP5g8OXZC12Fgg1IwNtLsyHDzJizORW4khDfjPqJZsemPWBB2uqykUah5YpQ6epsqC/w==

fast-check@^1.21.0:
  version "1.21.0"
  resolved "https://registry.yarnpkg.com/fast-check/-/fast-check-1.21.0.tgz#2bb4f7898197fa9a01a8d1078f1ea60c7eb94cb6"
  integrity sha512-t9E+rNNV8DNSUqxvUwJ8DBAVm0qiGsVktvUXB3zUC9PTnNbYqGvGVycL6osOo+CRWH8nJYLk/fXynqdag2StdQ==
  dependencies:
    pure-rand "^1.7.0"
    tslib "^1.10.0"

is-module@^1.0.0:
  version "1.0.0"
  resolved "https://registry.yarnpkg.com/is-module/-/is-module-1.0.0.tgz#3258fb69f78c14d5b815d664336b4cffb6441591"
  integrity sha1-Mlj7afeMFNW4FdZkM2tM/7ZEFZE=

is-reference@^1.1.2:
  version "1.1.4"
  resolved "https://registry.yarnpkg.com/is-reference/-/is-reference-1.1.4.tgz#3f95849886ddb70256a3e6d062b1a68c13c51427"
  integrity sha512-uJA/CDPO3Tao3GTrxYn6AwkM4nUPJiGGYu5+cB8qbC7WGFlrKZbiRo7SFKxUAEpFUfiHofWCXBUNhvYJMh+6zw==
  dependencies:
    "@types/estree" "0.0.39"

magic-string@^0.25.2:
  version "0.25.5"
  resolved "https://registry.yarnpkg.com/magic-string/-/magic-string-0.25.5.tgz#694fa8c6b9a51d83cc4a72c5b6883a7cfa890e40"
  integrity sha512-vIO/BOm9odBHBAGwv0gZPLJeO9IpwliiIc0uPeAW93rrFMJ/R3M665IAEfOU/IW3kD4S9AtEn76lfTn1Yif+9A==
  dependencies:
    sourcemap-codec "^1.4.4"

path-parse@^1.0.6:
  version "1.0.6"
  resolved "https://registry.yarnpkg.com/path-parse/-/path-parse-1.0.6.tgz#d62dbb5679405d72c4737ec58600e9ddcf06d24c"
  integrity sha512-GSmOT2EbHrINBf9SR7CDELwlJ8AENk3Qn7OikK4nFYAu3Ote2+JYNVvkpAEQm3/TLNEJFD/xZJjzyxg3KBWOzw==

pure-rand@^1.7.0:
  version "1.7.0"
  resolved "https://registry.yarnpkg.com/pure-rand/-/pure-rand-1.7.0.tgz#8b119d05f5f83c409efbede897f1386c4df32313"
  integrity sha512-Mpghwu8LvQUpr8NRFmGTgX8mFi8WHqor9oE0cCj2Sk5XjA10lBx880qUXtXQPYzrUL8NVQ87nqZvV7LI6gVdOw==

resolve@^1.11.0, resolve@^1.11.1:
  version "1.14.2"
  resolved "https://registry.yarnpkg.com/resolve/-/resolve-1.14.2.tgz#dbf31d0fa98b1f29aa5169783b9c290cb865fea2"
  integrity sha512-EjlOBLBO1kxsUxsKjLt7TAECyKW6fOh1VRkykQkKGzcBbjjPIxBqGh0jf7GJ3k/f5mxMqW3htMD3WdTUVtW8HQ==
  dependencies:
    path-parse "^1.0.6"

rollup@^1.25.2:
  version "1.28.0"
  resolved "https://registry.yarnpkg.com/rollup/-/rollup-1.28.0.tgz#d576a6a0fd7490b2e1f531ef8b411795fb80da87"
  integrity sha512-v2J/DmQi9+Nf6frGqzwZRvbiuTTrqH0yzoUF4Eybf8sONT4UpLZzJYnYzW96Zm9X1+4SJmijfnFBWCzHDAXYnQ==
  dependencies:
    "@types/estree" "*"
    "@types/node" "*"
    acorn "^7.1.0"

sourcemap-codec@^1.4.4:
  version "1.4.7"
  resolved "https://registry.yarnpkg.com/sourcemap-codec/-/sourcemap-codec-1.4.7.tgz#5b2cd184e3fe51fd30ba049f7f62bf499b4f73ae"
  integrity sha512-RuN23NzhAOuUtaivhcrjXx1OPXsFeH9m5sI373/U7+tGLKihjUyboZAzOadytMjnqHp1f45RGk1IzDKCpDpSYA==

tslib@^1.10.0:
  version "1.10.0"
  resolved "https://registry.yarnpkg.com/tslib/-/tslib-1.10.0.tgz#c3c19f95973fb0a62973fb09d90d961ee43e5c8a"
  integrity sha512-qOebF53frne81cf0S9B41ByenJ3/IuH8yJKngAX35CmiZySA0khhkovshKK+jGCaMnVomla7gVlIcc3EvKPbTQ==
