# THIS IS AN AUTOGENERATED FILE. DO NOT EDIT THIS FILE DIRECTLY.
# yarn lockfile v1


fast-check@^1.21.0:
  version "1.21.0"
  resolved "https://registry.yarnpkg.com/fast-check/-/fast-check-1.21.0.tgz#2bb4f7898197fa9a01a8d1078f1ea60c7eb94cb6"
  integrity sha512-t9E+rNNV8DNSUqxvUwJ8DBAVm0qiGsVktvUXB3zUC9PTnNbYqGvGVycL6osOo+CRWH8nJYLk/fXynqdag2StdQ==
  dependencies:
    pure-rand "^1.7.0"
    tslib "^1.10.0"

pure-rand@^1.7.0:
  version "1.7.0"
  resolved "https://registry.yarnpkg.com/pure-rand/-/pure-rand-1.7.0.tgz#8b119d05f5f83c409efbede897f1386c4df32313"
  integrity sha512-Mpghwu8LvQUpr8NRFmGTgX8mFi8WHqor9oE0cCj2Sk5XjA10lBx880qUXtXQPYzrUL8NVQ87nqZvV7LI6gVdOw==

tslib@^1.10.0:
  version "1.10.0"
  resolved "https://registry.yarnpkg.com/tslib/-/tslib-1.10.0.tgz#c3c19f95973fb0a62973fb09d90d961ee43e5c8a"
  integrity sha512-qOebF53frne81cf0S9B41ByenJ3/IuH8yJKngAX35CmiZySA0khhkovshKK+jGCaMnVomla7gVlIcc3EvKPbTQ==
