# THIS IS AN AUTOGENERATED FILE. DO NOT EDIT THIS FILE DIRECTLY.
# yarn lockfile v1


esbuild-android-arm64@0.14.0:
  version "0.14.0"
  resolved "https://registry.yarnpkg.com/esbuild-android-arm64/-/esbuild-android-arm64-0.14.0.tgz#fac7e9a207714a699283578e1c8106689e52fad9"
  integrity sha512-X7BjFiRRNfxPNg1aT5zw4xK1vbvX2IvDPcEp4bv0CEXgR39UzuOMUsQoG92aZgj8JGs8jxQAZc8k9dVJ1WL2BA==

esbuild-darwin-64@0.14.0:
  version "0.14.0"
  resolved "https://registry.yarnpkg.com/esbuild-darwin-64/-/esbuild-darwin-64-0.14.0.tgz#83bde8f68dd26ec4cbbbe4fd966eb1f4ce40a9d8"
  integrity sha512-43vtt407jMp1kEXiaY0dEIGjOREax9F1+qMI0+F9tJyr06EHAofnbLL6cTmLgdPy/pMhltSvOJ8EddJrrOBgpQ==

esbuild-darwin-arm64@0.14.0:
  version "0.14.0"
  resolved "https://registry.yarnpkg.com/esbuild-darwin-arm64/-/esbuild-darwin-arm64-0.14.0.tgz#644efb31fb27e291465e24757b3194d36aa2eb7d"
  integrity sha512-hMbT5YiBrFL763mnwR9BqNtq9XtJgJRxYs7Ad++KUd+ZhMoVE0Rs/YLe1oor9uBGhHLqQsZuJ2dUHjCsfT/iDg==

esbuild-freebsd-64@0.14.0:
  version "0.14.0"
  resolved "https://registry.yarnpkg.com/esbuild-freebsd-64/-/esbuild-freebsd-64-0.14.0.tgz#c74755b5f8a8a9a2acf19d49236ac7c18c548f71"
  integrity sha512-mx68HRYIZo6ZiHbWk5Md+mDJoDw779yWkJQAaBnXwOkGbDeA3JmPZjp6IPfy2P+n3emK9z6g4pKiebp1tQGVoQ==

esbuild-freebsd-arm64@0.14.0:
  version "0.14.0"
  resolved "https://registry.yarnpkg.com/esbuild-freebsd-arm64/-/esbuild-freebsd-arm64-0.14.0.tgz#b778a66b4fc6a0d0b91e2e2333620658724b45ef"
  integrity sha512-iM8u+zTagh0WGn2FTTxi7DII/ycVzYyuf2Df6eP2ZX+vlx2FjaduhagRkpyhjfmEyhfJOrYSAR5R1biNPcA+VA==

esbuild-linux-32@0.14.0:
  version "0.14.0"
  resolved "https://registry.yarnpkg.com/esbuild-linux-32/-/esbuild-linux-32-0.14.0.tgz#64bfaa635a8f4d6f2fea62cc8c2466f5a926b221"
  integrity sha512-dWHotI2qlXWZyza7n85UubBj0asjpM7FTtQYDaRQKxoCJpCnSzq3aD55IJthiggZHXj2tAML9Bc5xjVLsBJR0w==

esbuild-linux-64@0.14.0:
  version "0.14.0"
  resolved "https://registry.yarnpkg.com/esbuild-linux-64/-/esbuild-linux-64-0.14.0.tgz#0e2714bd90cfc4afffcfee896d67763a03410d61"
  integrity sha512-7buo31kp1/yKWPm9vU44FEUwkeIROrIgnCDV9KLMLSbOjGEHBZXYJ2L0p4ZnB7Z+m5YiW7F/AfJu0/1E87nOeQ==

esbuild-linux-arm64@0.14.0:
  version "0.14.0"
  resolved "https://registry.yarnpkg.com/esbuild-linux-arm64/-/esbuild-linux-arm64-0.14.0.tgz#008ddc7c37e9bfc0cc8902310a728f8b8bfdf002"
  integrity sha512-9LBtCH2RkhDBwoAYksTtXljN6hlxxoL6a3ymNfXJG9JxFUQddOfhajXZdObFn/hgGkAFwx8dXqw+FnPm0FCzSg==

esbuild-linux-arm@0.14.0:
  version "0.14.0"
  resolved "https://registry.yarnpkg.com/esbuild-linux-arm/-/esbuild-linux-arm-0.14.0.tgz#f8e3f91797eb291e7f8c1c867826e408804ece75"
  integrity sha512-fgybXQwPRT4Io01+aD+yphcLOLRVGqbSdhvaDK3qBwqUvspFsq4QkI7PeeYpuQdBZWiRKLoi9v5r90l7JO/s+g==

esbuild-linux-mips64le@0.14.0:
  version "0.14.0"
  resolved "https://registry.yarnpkg.com/esbuild-linux-mips64le/-/esbuild-linux-mips64le-0.14.0.tgz#e2e3a2f3b4adf3ec64bcc43e21dd19105ff5ccab"
  integrity sha512-Xz7soOqWeCWcLp15biPM08To+s0k1E/2q0pQZNQ+SY9S5H2vU4ujDXqKjxFc24G9CrOeUNEOXTkh+JldBGbTCA==

esbuild-linux-ppc64le@0.14.0:
  version "0.14.0"
  resolved "https://registry.yarnpkg.com/esbuild-linux-ppc64le/-/esbuild-linux-ppc64le-0.14.0.tgz#8a13f6e5257e19b62e7c28762f3cc742d56f3e1c"
  integrity sha512-fuBXTyUaZKxpmp43Nf0M1uI1OmZv/COcME9PG7NQ/EniwC680Xj5xQFhEBDVnvQQ+6xOnXdfPSojJq7gQxrORQ==

esbuild-netbsd-64@0.14.0:
  version "0.14.0"
  resolved "https://registry.yarnpkg.com/esbuild-netbsd-64/-/esbuild-netbsd-64-0.14.0.tgz#e76051ea739efa5be7a5979f212882c8d9e1b7db"
  integrity sha512-pQaECTKr/iCXtn1qjwih+cvoZzbZ+P3NwLQo4uo/IesklbPTR5eF4d85L1vPFVgff+itBMxbbB7aoRznSglN3A==

esbuild-openbsd-64@0.14.0:
  version "0.14.0"
  resolved "https://registry.yarnpkg.com/esbuild-openbsd-64/-/esbuild-openbsd-64-0.14.0.tgz#2d8c0689731605c68da816ac40095a1685c12e11"
  integrity sha512-HiaqQX9HMb9u3eYvKZ86+m/paQwASJSIjXiRTFpFusypjtU2NJqWb/LiRvhfmwC6rb7YHwCSPx+juSM7M+20bA==

esbuild-sunos-64@0.14.0:
  version "0.14.0"
  resolved "https://registry.yarnpkg.com/esbuild-sunos-64/-/esbuild-sunos-64-0.14.0.tgz#62b2a27cdc8d0ac150d4d15857e764652960d2b6"
  integrity sha512-TkMQOSiSU3fHLV3M+OKUgLZt5L7TpcBcMRvtFw1cTxAnX8eT+1qkWVLiDM8ow1C3P7PW3bkGY3LW8vOs8o/jBA==

esbuild-windows-32@0.14.0:
  version "0.14.0"
  resolved "https://registry.yarnpkg.com/esbuild-windows-32/-/esbuild-windows-32-0.14.0.tgz#364a1d1558b0a2351997c1aa7fd4408428eb78ab"
  integrity sha512-0h7E50JHgyLd7TkqSIH0VzBhngWspxPHuq/crDAMnh4s4tW8zWCMLIz2c1HVwHfZsh7d5+C4/yBaQeJTHXGvIA==

esbuild-windows-64@0.14.0:
  version "0.14.0"
  resolved "https://registry.yarnpkg.com/esbuild-windows-64/-/esbuild-windows-64-0.14.0.tgz#e0db336f5c614f1b8dfacc0720cb0d30e118b36d"
  integrity sha512-RxnovPOoQS5Id4mbdIUm96L0GIg+ZME4FthbErw1kZZabLi9eLp1gR3vSwkZXKbK8Z76uDkSW0EN74i1XWVpiQ==

esbuild-windows-arm64@0.14.0:
  version "0.14.0"
  resolved "https://registry.yarnpkg.com/esbuild-windows-arm64/-/esbuild-windows-arm64-0.14.0.tgz#5ddc6134e766da3c7b62a9a463e91ad3127483b5"
  integrity sha512-66KsVlT6lGDWgDKQsAlojxgUhZkkjVeosMVRdb913OwtcOjszceg6zFD748jzp9CUgAseHCNJqFmYOyBzneSEQ==

esbuild@^0.14.0:
  version "0.14.0"
  resolved "https://registry.yarnpkg.com/esbuild/-/esbuild-0.14.0.tgz#9a3d21c9876b280e3b0186e36d372354ade51938"
  integrity sha512-UOnSKRAyZondxdLrOXnI/mesUmU/GvDTcajCvxoIaObzMeQcn0HyoGtvbfATnazlx799ZqFSyIZGLXFszkjy3A==
  optionalDependencies:
    esbuild-android-arm64 "0.14.0"
    esbuild-darwin-64 "0.14.0"
    esbuild-darwin-arm64 "0.14.0"
    esbuild-freebsd-64 "0.14.0"
    esbuild-freebsd-arm64 "0.14.0"
    esbuild-linux-32 "0.14.0"
    esbuild-linux-64 "0.14.0"
    esbuild-linux-arm "0.14.0"
    esbuild-linux-arm64 "0.14.0"
    esbuild-linux-mips64le "0.14.0"
    esbuild-linux-ppc64le "0.14.0"
    esbuild-netbsd-64 "0.14.0"
    esbuild-openbsd-64 "0.14.0"
    esbuild-sunos-64 "0.14.0"
    esbuild-windows-32 "0.14.0"
    esbuild-windows-64 "0.14.0"
    esbuild-windows-arm64 "0.14.0"

fast-check@*:
  version "2.13.0"
  resolved "https://registry.yarnpkg.com/fast-check/-/fast-check-2.13.0.tgz#92a50a6a39b58760d4b0b52b12f98f28a9f020f6"
  integrity sha512-IOfzKm/SCA+jpUEgAfqAuxHYPmgtmpnnwljQmYPRGrqYczcTKApXKHza/SNxFxYkecWfZilYa0DJdBvqz1bcSw==
  dependencies:
    pure-rand "^4.1.1"

pure-rand@^4.1.1:
  version "4.1.2"
  resolved "https://registry.yarnpkg.com/pure-rand/-/pure-rand-4.1.2.tgz#cbad2a3e3ea6df0a8d80d8ba204779b5679a5205"
  integrity sha512-uLzZpQWfroIqyFWmX/pl0OL2JHJdoU3dbh0dvZ25fChHFJJi56J5oQZhW6QgbT2Llwh1upki84LnTwlZvsungA==
