# THIS IS AN AUTOGENERATED FILE. DO NOT EDIT THIS FILE DIRECTLY.
# yarn lockfile v1


esbuild-android-arm64@0.14.1:
  version "0.14.1"
  resolved "https://registry.yarnpkg.com/esbuild-android-arm64/-/esbuild-android-arm64-0.14.1.tgz#470b99c1c4b49f33fd0a20ed153b15008173fd63"
  integrity sha512-elQd3hTg93nU2GQ5PPCDAFe5+utxZX96RG8RixqIPxf8pzmyIzcpKG76L/9FabPf3LT1z+nLF1sajCU8eVRDyg==

esbuild-darwin-64@0.14.1:
  version "0.14.1"
  resolved "https://registry.yarnpkg.com/esbuild-darwin-64/-/esbuild-darwin-64-0.14.1.tgz#135f48f299f2ce3eb3ca1b1f3ec03d81108ab79e"
  integrity sha512-PR3HZgbPRwsQbbOR1fJrfkt/Cs0JDyI3yzOKg2PPWk0H1AseZDBqPUY9b/0+BIjFwA5Jz/aAiq832hppsuJtNw==

esbuild-darwin-arm64@0.14.1:
  version "0.14.1"
  resolved "https://registry.yarnpkg.com/esbuild-darwin-arm64/-/esbuild-darwin-arm64-0.14.1.tgz#7117a857bac99ece28ebba859a47dce47f565f9f"
  integrity sha512-/fiSSOkOEa3co6yYtwgXouz8jZrG0qnXPEKiktFf2BQE8NON3ARTw43ZegaH+xMRFNgYBJEOOZIdzI3sIFEAxw==

esbuild-freebsd-64@0.14.1:
  version "0.14.1"
  resolved "https://registry.yarnpkg.com/esbuild-freebsd-64/-/esbuild-freebsd-64-0.14.1.tgz#2b7ca5ec572f2800b1ec88988affc4482c5ac4b7"
  integrity sha512-ZJV+nfa8E8PdXnRc05PO3YMfgSj7Ko+kdHyGDE6OaNo1cO8ZyfacqLaWkY35shDDaeacklhD8ZR4qq5nbJKX1A==

esbuild-freebsd-arm64@0.14.1:
  version "0.14.1"
  resolved "https://registry.yarnpkg.com/esbuild-freebsd-arm64/-/esbuild-freebsd-arm64-0.14.1.tgz#63e8b77643ea8270d878cfab7dd9201a114f20fb"
  integrity sha512-6N9zTD+SecJr2g9Ohl9C10WIk5FpQ+52bNamRy0sJoHwP31G5ObzKzq8jAtg1Jeggpu6P8auz3P/UL+3YioSwQ==

esbuild-linux-32@0.14.1:
  version "0.14.1"
  resolved "https://registry.yarnpkg.com/esbuild-linux-32/-/esbuild-linux-32-0.14.1.tgz#f00ae7f12d2abc0dc37e2a7e7c7c29764da87093"
  integrity sha512-RtPgE6e7WefbAxRjVryisKFJ0nUwR2DMjwmYW/a1a0F1+Ge6FR+RqvgiY0DrM9TtxSUU0eryDXNF4n3UfxX3mg==

esbuild-linux-64@0.14.1:
  version "0.14.1"
  resolved "https://registry.yarnpkg.com/esbuild-linux-64/-/esbuild-linux-64-0.14.1.tgz#2ee9dd76be1185abb1e967052e3b6ab16a1d3da4"
  integrity sha512-JpxM0ar6Z+2v3vfFrxP7bFb8Wzb6gcGL9MxRqAJplDfGnee8HbfPge6svaazXeX9XJceeEqwxwWGB0qyCcxo7A==

esbuild-linux-arm64@0.14.1:
  version "0.14.1"
  resolved "https://registry.yarnpkg.com/esbuild-linux-arm64/-/esbuild-linux-arm64-0.14.1.tgz#601e855b78e0636e120771296b43eb4f7d68a314"
  integrity sha512-cFbeZf171bIf+PPLlQDBzagK85lCCxxVdMV1IVUA96Y3kvEgqcy2n9mha+QE1M/T+lIOPDsmLRgH1XqMFwLTSg==

esbuild-linux-arm@0.14.1:
  version "0.14.1"
  resolved "https://registry.yarnpkg.com/esbuild-linux-arm/-/esbuild-linux-arm-0.14.1.tgz#c0d364a20f12a653bdd2f41436788b99502dc287"
  integrity sha512-eBRHexCijAYWzcvQLGHxyxIlYOkYhXvcb/O7HvzJfCAVWCnTx9TxxYJ3UppBC6dDFbAq4HwKhskvmesQdKMeBg==

esbuild-linux-mips64le@0.14.1:
  version "0.14.1"
  resolved "https://registry.yarnpkg.com/esbuild-linux-mips64le/-/esbuild-linux-mips64le-0.14.1.tgz#a5f6e9c6e7950a3fad08bb3653bc3f5d71b4e249"
  integrity sha512-UGb+sqHkL7wOQFLH0RoFhcRAlJNqbqs6GtJd1It5jJ2juOGqAkCv8V12aGDX9oRB6a+Om7cdHcH+6AMZ+qlaww==

esbuild-linux-ppc64le@0.14.1:
  version "0.14.1"
  resolved "https://registry.yarnpkg.com/esbuild-linux-ppc64le/-/esbuild-linux-ppc64le-0.14.1.tgz#762cec24cf5afeee3f805a4679a3f5e29702173a"
  integrity sha512-LIHGkGdy9wYlmkkoVHm6feWhkoi4VBXDiEVyNjXEhlzsBcP/CaRy+B8IJulzaU1ALLiGcsCQ2MC5UbFn/iTvmA==

esbuild-netbsd-64@0.14.1:
  version "0.14.1"
  resolved "https://registry.yarnpkg.com/esbuild-netbsd-64/-/esbuild-netbsd-64-0.14.1.tgz#66ec7ac0b3eeb84f8c1ac27eecf16f59d93706a8"
  integrity sha512-TWc1QIgtPwaK5nC1GT2ASTuy/CJhNKHN4h5PJRP1186VfI+k2uvXakS7bqO/M26F6jAMy8jDeCtilacqpwsvfA==

esbuild-openbsd-64@0.14.1:
  version "0.14.1"
  resolved "https://registry.yarnpkg.com/esbuild-openbsd-64/-/esbuild-openbsd-64-0.14.1.tgz#7515049bc7032ca2fb6811dc260f5ec9e1d9fe65"
  integrity sha512-Z9/Zb77K+pK9s7mAsvwS56K8tCbLvNZ9UI4QVJSYqDgOmmDJOBT4owWnCqZ5cJI+2y4/F9KwCpFFTNUdPglPKA==

esbuild-sunos-64@0.14.1:
  version "0.14.1"
  resolved "https://registry.yarnpkg.com/esbuild-sunos-64/-/esbuild-sunos-64-0.14.1.tgz#795f6bc7ce8c5177afb65f8d6c161a02f0c3e125"
  integrity sha512-c4sF8146kNW8529wfkB6vO0ZqPgokyS2hORqKa4p/QKZdp+xrF2NPmvX5aN+Zt14oe6wVZuhYo6LGv7V4Gg04g==

esbuild-windows-32@0.14.1:
  version "0.14.1"
  resolved "https://registry.yarnpkg.com/esbuild-windows-32/-/esbuild-windows-32-0.14.1.tgz#ffffa6378733eeaa23ed5cfe539e2fbe1e635ef6"
  integrity sha512-XP8yElaJtLGGjH7D72t5IWtP0jmc1Jqm4IjQARB17l0LTJO/n+N2X64rDWePJv6qimYxa5p2vTjkZc5v+YZTSQ==

esbuild-windows-64@0.14.1:
  version "0.14.1"
  resolved "https://registry.yarnpkg.com/esbuild-windows-64/-/esbuild-windows-64-0.14.1.tgz#46f3b4a90f937a8ad6456cd70478ebfc6771814f"
  integrity sha512-fe+ShdyfiuGcCEdVKW//6MaM4MwikiWBWSBn8mebNAbjRqicH0injDOFVI7aUovAfrEt7+FGkf402s//hi0BVg==

esbuild-windows-arm64@0.14.1:
  version "0.14.1"
  resolved "https://registry.yarnpkg.com/esbuild-windows-arm64/-/esbuild-windows-arm64-0.14.1.tgz#c7067389d28139e6a18db1996178c3a3e07a22b3"
  integrity sha512-wBVakhcIzQ3NZ33DFM6TjIObXPHaXOsqzvPwefXHvwBSC/N/e/g6fBeM7N/Moj3AmxLjKaB+vePvTGdxk6RPCg==

esbuild@^0.14.1:
  version "0.14.1"
  resolved "https://registry.yarnpkg.com/esbuild/-/esbuild-0.14.1.tgz#b834da3aa5858073205a6d4f948ffde0d650e4e3"
  integrity sha512-J/LhUwELcmz0+CJfiaKzu7Rnj9ffWFLvMx+dKvdOfg+fQmoP6q9glla26LCm9BxpnPUjXChHeubLiMlKab/PYg==
  optionalDependencies:
    esbuild-android-arm64 "0.14.1"
    esbuild-darwin-64 "0.14.1"
    esbuild-darwin-arm64 "0.14.1"
    esbuild-freebsd-64 "0.14.1"
    esbuild-freebsd-arm64 "0.14.1"
    esbuild-linux-32 "0.14.1"
    esbuild-linux-64 "0.14.1"
    esbuild-linux-arm "0.14.1"
    esbuild-linux-arm64 "0.14.1"
    esbuild-linux-mips64le "0.14.1"
    esbuild-linux-ppc64le "0.14.1"
    esbuild-netbsd-64 "0.14.1"
    esbuild-openbsd-64 "0.14.1"
    esbuild-sunos-64 "0.14.1"
    esbuild-windows-32 "0.14.1"
    esbuild-windows-64 "0.14.1"
    esbuild-windows-arm64 "0.14.1"

fast-check@*:
  version "2.13.0"
  resolved "https://registry.yarnpkg.com/fast-check/-/fast-check-2.13.0.tgz#92a50a6a39b58760d4b0b52b12f98f28a9f020f6"
  integrity sha512-IOfzKm/SCA+jpUEgAfqAuxHYPmgtmpnnwljQmYPRGrqYczcTKApXKHza/SNxFxYkecWfZilYa0DJdBvqz1bcSw==
  dependencies:
    pure-rand "^4.1.1"

pure-rand@^4.1.1:
  version "4.1.2"
  resolved "https://registry.yarnpkg.com/pure-rand/-/pure-rand-4.1.2.tgz#cbad2a3e3ea6df0a8d80d8ba204779b5679a5205"
  integrity sha512-uLzZpQWfroIqyFWmX/pl0OL2JHJdoU3dbh0dvZ25fChHFJJi56J5oQZhW6QgbT2Llwh1upki84LnTwlZvsungA==
