# THIS IS AN AUTOGENERATED FILE. DO NOT EDIT THIS FILE DIRECTLY.
# yarn lockfile v1


fast-check@*:
  version "2.6.1"
  resolved "https://registry.yarnpkg.com/fast-check/-/fast-check-2.6.1.tgz#c9ff58b69c2eee872588985d8b93424c84359a6e"
  integrity sha512-CauHEKfAjgAFpNDpFqSccu7C5kOlifCNfRxMjzY76MaAaH7ddkqqEzRE2Vm5bjpHJpndD0iVXiZC+d1rYzv5qg==
  dependencies:
    pure-rand "^3.0.0"

pure-rand@^3.0.0:
  version "3.1.0"
  resolved "https://registry.yarnpkg.com/pure-rand/-/pure-rand-3.1.0.tgz#646b812635cbac86105c46b0b03aa5dac1c759b3"
  integrity sha512-xkCSMNjEnLG/A8iTH9M5ayXN4SCWRP+ih3rxi09Q7Fu0b9jAP6V9H59pOtcB37IsVt3eHxf1FMy9n7YrqdDdSA==
