# THIS IS AN AUTOGENERATED FILE. DO NOT EDIT THIS FILE DIRECTLY.
# yarn lockfile v1


fast-check@*:
  version "2.10.0"
  resolved "https://registry.yarnpkg.com/fast-check/-/fast-check-2.10.0.tgz#92c8f8a07fbe12f150d0e44a7804c2585c2fc878"
  integrity sha512-nzpt+BkNpCuNVi431a2a8Cq4X3Y1mTceUE1PaZaIwTIgMuV5j+XsLul00swaS2Yh1oB+LZDnTf0zYdogw8KXfg==
  dependencies:
    pure-rand "^4.1.1"

pure-rand@^4.1.1:
  version "4.1.1"
  resolved "https://registry.yarnpkg.com/pure-rand/-/pure-rand-4.1.1.tgz#9fca2d4af5c4e870bac337ed860977426ed17bf6"
  integrity sha512-cZw4AL/KI6aDTdqHEbJPe2ZoHM3kSdpJRLJetv8c3tfq9o+PvQDXrHNEpB0AWukAGFx4fmeOerAGwkA4rtUgdA==

typescript@3.2.4:
  version "3.2.4"
  resolved "https://registry.yarnpkg.com/typescript/-/typescript-3.2.4.tgz#c585cb952912263d915b462726ce244ba510ef3d"
  integrity sha512-0RNDbSdEokBeEAkgNbxJ+BLwSManFy9TeXz8uW+48j/xhEXv1ePME60olyzw2XzUqUBNAYFeJadIqAgNqIACwg==
