# THIS IS AN AUTOGENERATED FILE. DO NOT EDIT THIS FILE DIRECTLY.
# yarn lockfile v1


fast-check@*:
  version "2.11.0"
  resolved "https://registry.yarnpkg.com/fast-check/-/fast-check-2.11.0.tgz#a21bdbdcab27812fbf93612f3c84483883115ca2"
  integrity sha512-galBVrbyjdHOW+WOCp/NFP3J6t6Pc0uajz0oJaUAFRXLHXt6lcUeD1bcBFqUWV1aeK9QJgeRpIYf4e+PHeASUQ==
  dependencies:
    pure-rand "^4.1.1"

pure-rand@^4.1.1:
  version "4.1.1"
  resolved "https://registry.yarnpkg.com/pure-rand/-/pure-rand-4.1.1.tgz#9fca2d4af5c4e870bac337ed860977426ed17bf6"
  integrity sha512-cZw4AL/KI6aDTdqHEbJPe2ZoHM3kSdpJRLJetv8c3tfq9o+PvQDXrHNEpB0AWukAGFx4fmeOerAGwkA4rtUgdA==
