# THIS IS AN AUTOGENERATED FILE. DO NOT EDIT THIS FILE DIRECTLY.
# yarn lockfile v1


esbuild-android-arm64@0.13.3:
  version "0.13.3"
  resolved "https://registry.yarnpkg.com/esbuild-android-arm64/-/esbuild-android-arm64-0.13.3.tgz#ef734c76eeff42e8c53acdffe901da090164a890"
  integrity sha512-jc9E8vGTHkzb0Vwl74H8liANV9BWsqtzLHaKvcsRgf1M+aVCBSF0gUheduAKfDsbDMT0judeMLhwBP34EUesTA==

esbuild-darwin-64@0.13.3:
  version "0.13.3"
  resolved "https://registry.yarnpkg.com/esbuild-darwin-64/-/esbuild-darwin-64-0.13.3.tgz#35f29376b7451add79f0640980683ef923365385"
  integrity sha512-8bG3Zq+ZNuLlIJebOO2+weI7P2LVf33sOzaUfHj8MuJ+1Ixe4KtQxfYp7qhFnP6xP2ToJaYHxGUfLeiUCEz9hw==

esbuild-darwin-arm64@0.13.3:
  version "0.13.3"
  resolved "https://registry.yarnpkg.com/esbuild-darwin-arm64/-/esbuild-darwin-arm64-0.13.3.tgz#530a1326e7d18d62c9a54b6dce70f2b77ed50eec"
  integrity sha512-5E81eImYtTgh8pY7Gq4WQHhWkR/LvYadUXmuYeZBiP+3ADZJZcG60UFceZrjqNPaFOWKr/xmh4aNocwagEubcA==

esbuild-freebsd-64@0.13.3:
  version "0.13.3"
  resolved "https://registry.yarnpkg.com/esbuild-freebsd-64/-/esbuild-freebsd-64-0.13.3.tgz#ce2896ac362e06eb82ca5dec06b2568901eb5afc"
  integrity sha512-ou+f91KkTGexi8HvF/BdtsITL6plbciQfZGys7QX6/QEwyE96PmL5KnU6ZQwoU7E99Ts6Sc9bUDq8HXJubKtBA==

esbuild-freebsd-arm64@0.13.3:
  version "0.13.3"
  resolved "https://registry.yarnpkg.com/esbuild-freebsd-arm64/-/esbuild-freebsd-arm64-0.13.3.tgz#a20454f99e060bea4e465d131556a9f0533f403f"
  integrity sha512-F1zV7nySjHswJuvIgjkiG5liZ63MeazDGXGKViTCeegjZ71sAhOChcaGhKcu6vq9+vqZxlfEi1fmXlx6Pc3coQ==

esbuild-linux-32@0.13.3:
  version "0.13.3"
  resolved "https://registry.yarnpkg.com/esbuild-linux-32/-/esbuild-linux-32-0.13.3.tgz#ad56f18208ecf007cd9ab16cd39626ca0312b8ee"
  integrity sha512-mHHc2v6uLrHH4zaaq5RB/5IWzgimEJ1HGldzf1qtGI513KZWfH0HRRQ8p1di4notJgBn7tDzWQ1f34ZHy69viQ==

esbuild-linux-64@0.13.3:
  version "0.13.3"
  resolved "https://registry.yarnpkg.com/esbuild-linux-64/-/esbuild-linux-64-0.13.3.tgz#be1eabadf68d153897ed887678f7496d3949810f"
  integrity sha512-FJ1De2O89mrOuqtaEXu41qIYJU6R41F+OA6vheNwcAQcX8fu0aiA13FJeLABq29BYJuTVgRj3cyC8q+tz19/dQ==

esbuild-linux-arm64@0.13.3:
  version "0.13.3"
  resolved "https://registry.yarnpkg.com/esbuild-linux-arm64/-/esbuild-linux-arm64-0.13.3.tgz#329348bb4a19cfb5e9046cc5d97ba5017d8f74ad"
  integrity sha512-Cauhr45KSo+wRUojs+1qfycQqQCAXTOvsWvkZ6xmEMAXLAm+f8RQGDQeP8CAf8Yeelnegcn6UNdvzdzLHhWDFg==

esbuild-linux-arm@0.13.3:
  version "0.13.3"
  resolved "https://registry.yarnpkg.com/esbuild-linux-arm/-/esbuild-linux-arm-0.13.3.tgz#b3b3167c9d5d3038894fbc75b194a4fbe93eaf09"
  integrity sha512-9BJNRtLwBh3OP22cln9g3AJdbAQUcjRHqA4BScx9k4RZpGqPokFr548zpeplxWhcwrIjT8qPebwH9CrRVy8Bsw==

esbuild-linux-mips64le@0.13.3:
  version "0.13.3"
  resolved "https://registry.yarnpkg.com/esbuild-linux-mips64le/-/esbuild-linux-mips64le-0.13.3.tgz#ea1687f28ea2c85399ecc2fe23a48ab343b7b35d"
  integrity sha512-YVzJUGCncuuLm2boYyVeuMFsak4ZAhdiBwi0xNDZCC8sy+tS6Boe2mzcrD2uubv5JKAUOrpN186S1DtU4WgBgw==

esbuild-linux-ppc64le@0.13.3:
  version "0.13.3"
  resolved "https://registry.yarnpkg.com/esbuild-linux-ppc64le/-/esbuild-linux-ppc64le-0.13.3.tgz#a462cf42eae3d7fc29a9f277679f5adee70afa67"
  integrity sha512-GU6CqqKtJEoyxC2QWHiJtmuOz9wc/jMv8ZloK2WwiGY5yMvAmM3PI103Dj7xcjebNTHBqITTUw/aigY1wx5A3w==

esbuild-openbsd-64@0.13.3:
  version "0.13.3"
  resolved "https://registry.yarnpkg.com/esbuild-openbsd-64/-/esbuild-openbsd-64-0.13.3.tgz#0cb15bd86d20eb19cb548b530f1a533197532cf9"
  integrity sha512-HVpkgpn4BQt4BPDAjTOpeMub6mzNWw6Y3gaLQJrpbO24pws6ZwYkY24OI3/Uo3LDCbH6856MM81JxECt92OWjA==

esbuild-sunos-64@0.13.3:
  version "0.13.3"
  resolved "https://registry.yarnpkg.com/esbuild-sunos-64/-/esbuild-sunos-64-0.13.3.tgz#53a941241f881010969cc8f1acb1ada49c4cd3c2"
  integrity sha512-XncBVOtnEfUbPV4CaiFBxh38ychnBfwCxuTm9iAqcHzIwkmeNRN5qMzDyfE1jyfJje+Bbt6AvIfz6SdYt8/UEQ==

esbuild-windows-32@0.13.3:
  version "0.13.3"
  resolved "https://registry.yarnpkg.com/esbuild-windows-32/-/esbuild-windows-32-0.13.3.tgz#265dc0d0cdb5374685a851c584857055e12865a4"
  integrity sha512-ZlgDz7d1nk8wQACi+z8IDzNZVUlN9iprAme+1YSTsfFDlkyI8jeaGWPk9EQFNY7rJzsLVYm6eZ2mhPioc7uT5A==

esbuild-windows-64@0.13.3:
  version "0.13.3"
  resolved "https://registry.yarnpkg.com/esbuild-windows-64/-/esbuild-windows-64-0.13.3.tgz#ae710c0629ec8c39c5ef1f69e86ed5592bb4128f"
  integrity sha512-YX7KvRez3TR+GudlQm9tND/ssj2FsF9vb8ZWzAoZOLxpPzE3y+3SFJNrfDzzQKPzJ0Pnh9KBP4gsaMwJjKHDhw==

esbuild-windows-arm64@0.13.3:
  version "0.13.3"
  resolved "https://registry.yarnpkg.com/esbuild-windows-arm64/-/esbuild-windows-arm64-0.13.3.tgz#a236199a26b1205573dcb571f966189326a4c953"
  integrity sha512-nP7H0Y2a6OJd3Qi1Q8sehhyP4x4JoXK4S5y6FzH2vgaJgiyEurzFxjUufGdMaw+RxtxiwD/uRndUgwaZ2JD8lg==

esbuild@^0.13.3:
  version "0.13.3"
  resolved "https://registry.yarnpkg.com/esbuild/-/esbuild-0.13.3.tgz#cc9fc347fc81ff6440cdd1fdb9fe65c02eddcc97"
  integrity sha512-98xovMLKnyhv3gcReUuAEi5Ig1rK6SIgvsJuBIcfwzqGSEHsV8UJjMlmkhHoHMf9XZybMpE9Zax8AA8f7i2hlQ==
  optionalDependencies:
    esbuild-android-arm64 "0.13.3"
    esbuild-darwin-64 "0.13.3"
    esbuild-darwin-arm64 "0.13.3"
    esbuild-freebsd-64 "0.13.3"
    esbuild-freebsd-arm64 "0.13.3"
    esbuild-linux-32 "0.13.3"
    esbuild-linux-64 "0.13.3"
    esbuild-linux-arm "0.13.3"
    esbuild-linux-arm64 "0.13.3"
    esbuild-linux-mips64le "0.13.3"
    esbuild-linux-ppc64le "0.13.3"
    esbuild-openbsd-64 "0.13.3"
    esbuild-sunos-64 "0.13.3"
    esbuild-windows-32 "0.13.3"
    esbuild-windows-64 "0.13.3"
    esbuild-windows-arm64 "0.13.3"

fast-check@*:
  version "2.13.0"
  resolved "https://registry.yarnpkg.com/fast-check/-/fast-check-2.13.0.tgz#92a50a6a39b58760d4b0b52b12f98f28a9f020f6"
  integrity sha512-IOfzKm/SCA+jpUEgAfqAuxHYPmgtmpnnwljQmYPRGrqYczcTKApXKHza/SNxFxYkecWfZilYa0DJdBvqz1bcSw==
  dependencies:
    pure-rand "^4.1.1"

pure-rand@^4.1.1:
  version "4.1.2"
  resolved "https://registry.yarnpkg.com/pure-rand/-/pure-rand-4.1.2.tgz#cbad2a3e3ea6df0a8d80d8ba204779b5679a5205"
  integrity sha512-uLzZpQWfroIqyFWmX/pl0OL2JHJdoU3dbh0dvZ25fChHFJJi56J5oQZhW6QgbT2Llwh1upki84LnTwlZvsungA==
