# THIS IS AN AUTOGENERATED FILE. DO NOT EDIT THIS FILE DIRECTLY.
# yarn lockfile v1


esbuild@^0.12.28:
  version "0.12.28"
  resolved "https://registry.yarnpkg.com/esbuild/-/esbuild-0.12.28.tgz#84da0d2a0d0dee181281545271e0d65cf6fab1ef"
  integrity sha512-pZ0FrWZXlvQOATlp14lRSk1N9GkeJ3vLIwOcUoo3ICQn9WNR4rWoNi81pbn6sC1iYUy7QPqNzI3+AEzokwyVcA==

fast-check@*:
  version "2.13.0"
  resolved "https://registry.yarnpkg.com/fast-check/-/fast-check-2.13.0.tgz#92a50a6a39b58760d4b0b52b12f98f28a9f020f6"
  integrity sha512-IOfzKm/SCA+jpUEgAfqAuxHYPmgtmpnnwljQmYPRGrqYczcTKApXKHza/SNxFxYkecWfZilYa0DJdBvqz1bcSw==
  dependencies:
    pure-rand "^4.1.1"

pure-rand@^4.1.1:
  version "4.1.2"
  resolved "https://registry.yarnpkg.com/pure-rand/-/pure-rand-4.1.2.tgz#cbad2a3e3ea6df0a8d80d8ba204779b5679a5205"
  integrity sha512-uLzZpQWfroIqyFWmX/pl0OL2JHJdoU3dbh0dvZ25fChHFJJi56J5oQZhW6QgbT2Llwh1upki84LnTwlZvsungA==
