# This file is generated by running "yarn install" inside your project.
# Manual changes might be lost - proceed with caution!

__metadata:
  version: 4
  cacheKey: 5

"fast-check@npm:*":
  version: 2.1.0
  resolution: "fast-check@npm:2.1.0"
  dependencies:
    pure-rand: ^3.0.0
  checksum: 1e1968f26cd4409666db94b19662ae55c18f14bd737ff74a10e312ddc730150b601995927a3b89d12d8dc570acf6f1246f569a823e61191a4aa92b18a92c8823
  languageName: node
  linkType: hard

"pure-rand@npm:^3.0.0":
  version: 3.0.0
  resolution: "pure-rand@npm:3.0.0"
  checksum: a501ad795085eb89f9afc5d04d64e1829e8e8080c4739beaf72b3b9d5f378ff3e1ab9ce8095461c51c720bf6f0dfbf2edcb547a2ebf9b4039ff935a60a5d3596
  languageName: node
  linkType: hard

"root-workspace-0b6124@workspace:.":
  version: 0.0.0-use.local
  resolution: "root-workspace-0b6124@workspace:."
  dependencies:
    fast-check: "*"
    typescript: 3.2.4
  languageName: unknown
  linkType: soft

typescript@3.2.4:
  version: 3.2.4
  resolution: "typescript@npm:3.2.4"
  bin:
    tsc: ./bin/tsc
    tsserver: ./bin/tsserver
  checksum: 97395b33afa5d2bdf59825722f02ffa74f2325cb6923d4ccda8d5ce9752f7d7f4cc09a0298053a053ab56b0164758c8e47ddb0a1008a4842d73b91167715895c
  languageName: node
  linkType: hard

"typescript@patch:typescript@3.2.4#builtin<compat/typescript>":
  version: 3.2.4
  resolution: "typescript@patch:typescript@npm%3A3.2.4#builtin<compat/typescript>::version=3.2.4&hash=5b02a2"
  bin:
    tsc: ./bin/tsc
    tsserver: ./bin/tsserver
  checksum: a78207001004585ab5cac470b751e0acc10c2f8dc6a2ecb1bba66aec9bd83488d54214659a818ed62b00c3daae0c8036cd14a888afee492c04e2f0d02f48672f
  languageName: node
  linkType: hard
