# THIS IS AN AUTOGENERATED FILE. DO NOT EDIT THIS FILE DIRECTLY.
# yarn lockfile v1


fast-check@*:
  version "2.1.0"
  resolved "https://registry.yarnpkg.com/fast-check/-/fast-check-2.1.0.tgz#5d7b6f104160253361e95ce9c282b749395a5ee9"
  integrity sha512-aZe06whLv1ZNFM1rn8mGL3+wf0PQpZyySQ81+O0L3APiLNzCi2PtJqeohn5Xab1yAxF3Vhzf5AvKzPispGd0tQ==
  dependencies:
    pure-rand "^3.0.0"

pure-rand@^3.0.0:
  version "3.0.0"
  resolved "https://registry.yarnpkg.com/pure-rand/-/pure-rand-3.0.0.tgz#9dd90685e0c6ff98871f656a5e37fe90d2bfe0e4"
  integrity sha512-7/U3rk8elhZPagxdheW1UHEhRr0IF8wCs3qyYVVswSxLoRrrrCMyaTKtAYIrCfuTeUoX/O3rN1piY/pX8JEcEA==

typescript@3.2.4:
  version "3.2.4"
  resolved "https://registry.yarnpkg.com/typescript/-/typescript-3.2.4.tgz#c585cb952912263d915b462726ce244ba510ef3d"
  integrity sha512-0RNDbSdEokBeEAkgNbxJ+BLwSManFy9TeXz8uW+48j/xhEXv1ePME60olyzw2XzUqUBNAYFeJadIqAgNqIACwg==
